// !$*UTF8*$!
{
	archiveVersion = 1;
	classes = {
	};
	objectVersion = 46;
	objects = {

/* Begin PBXBuildFile section */
		F925CA26160D134F000BBB1C /* Screen Shot 2012-09-21 at 2.25.15 PM.png in Resources */ = {isa = PBXBuildFile; fileRef = F925CA25160D134F000BBB1C /* Screen Shot 2012-09-21 at 2.25.15 PM.png */; };
		F925CA28160D1386000BBB1C /* Screen Shot 2012-09-21 at 2.28.06 PM.png in Resources */ = {isa = PBXBuildFile; fileRef = F925CA27160D1386000BBB1C /* Screen Shot 2012-09-21 at 2.28.06 PM.png */; };
		F925CA2A160D1964000BBB1C /* Default-568h@2x.png in Resources */ = {isa = PBXBuildFile; fileRef = F925CA29160D1964000BBB1C /* Default-568h@2x.png */; };
		F9300D8D160942DE00887EBF /* UIKit.framework in Frameworks */ = {isa = PBXBuildFile; fileRef = F9300D8C160942DE00887EBF /* UIKit.framework */; };
		F9300D8F160942DE00887EBF /* Foundation.framework in Frameworks */ = {isa = PBXBuildFile; fileRef = F9300D8E160942DE00887EBF /* Foundation.framework */; };
		F9300D91160942DE00887EBF /* CoreGraphics.framework in Frameworks */ = {isa = PBXBuildFile; fileRef = F9300D90160942DE00887EBF /* CoreGraphics.framework */; };
		F9300D97160942DE00887EBF /* InfoPlist.strings in Resources */ = {isa = PBXBuildFile; fileRef = F9300D95160942DE00887EBF /* InfoPlist.strings */; };
		F9300D99160942DE00887EBF /* main.m in Sources */ = {isa = PBXBuildFile; fileRef = F9300D98160942DE00887EBF /* main.m */; };
		F9300D9D160942DE00887EBF /* TBAAppDelegate.m in Sources */ = {isa = PBXBuildFile; fileRef = F9300D9C160942DE00887EBF /* TBAAppDelegate.m */; };
		F9300DA0160942DE00887EBF /* MainStoryboard.storyboard in Resources */ = {isa = PBXBuildFile; fileRef = F9300D9E160942DE00887EBF /* MainStoryboard.storyboard */; };
		F9300DA3160942DE00887EBF /* TBAFirstViewController.m in Sources */ = {isa = PBXBuildFile; fileRef = F9300DA2160942DE00887EBF /* TBAFirstViewController.m */; };
		F9300DAA160942DE00887EBF /* TBASecondViewController.m in Sources */ = {isa = PBXBuildFile; fileRef = F9300DA9160942DE00887EBF /* TBASecondViewController.m */; };
		F9A96FDE1624DA5E0021C39D /* 124-bullhorn.png in Resources */ = {isa = PBXBuildFile; fileRef = F9A96FDA1624DA5E0021C39D /* 124-bullhorn.png */; };
		F9A96FDF1624DA5E0021C39D /* 124-bullhorn@2x.png in Resources */ = {isa = PBXBuildFile; fileRef = F9A96FDB1624DA5E0021C39D /* 124-bullhorn@2x.png */; };
		F9A96FE01624DA5E0021C39D /* 125-food.png in Resources */ = {isa = PBXBuildFile; fileRef = F9A96FDC1624DA5E0021C39D /* 125-food.png */; };
		F9A96FE11624DA5E0021C39D /* 125-food@2x.png in Resources */ = {isa = PBXBuildFile; fileRef = F9A96FDD1624DA5E0021C39D /* 125-food@2x.png */; };
/* End PBXBuildFile section */

/* Begin PBXFileReference section */
		F925CA25160D134F000BBB1C /* Screen Shot 2012-09-21 at 2.25.15 PM.png */ = {isa = PBXFileReference; lastKnownFileType = image.png; name = "Screen Shot 2012-09-21 at 2.25.15 PM.png"; path = "../Screen Shot 2012-09-21 at 2.25.15 PM.png"; sourceTree = "<group>"; };
		F925CA27160D1386000BBB1C /* Screen Shot 2012-09-21 at 2.28.06 PM.png */ = {isa = PBXFileReference; lastKnownFileType = image.png; name = "Screen Shot 2012-09-21 at 2.28.06 PM.png"; path = "../Screen Shot 2012-09-21 at 2.28.06 PM.png"; sourceTree = "<group>"; };
		F925CA29160D1964000BBB1C /* Default-568h@2x.png */ = {isa = PBXFileReference; lastKnownFileType = image.png; name = "Default-568h@2x.png"; path = "../Default-568h@2x.png"; sourceTree = "<group>"; };
		F9300D88160942DE00887EBF /* TBA2.app */ = {isa = PBXFileReference; explicitFileType = wrapper.application; includeInIndex = 0; path = TBA2.app; sourceTree = BUILT_PRODUCTS_DIR; };
		F9300D8C160942DE00887EBF /* UIKit.framework */ = {isa = PBXFileReference; lastKnownFileType = wrapper.framework; name = UIKit.framework; path = System/Library/Frameworks/UIKit.framework; sourceTree = SDKROOT; };
		F9300D8E160942DE00887EBF /* Foundation.framework */ = {isa = PBXFileReference; lastKnownFileType = wrapper.framework; name = Foundation.framework; path = System/Library/Frameworks/Foundation.framework; sourceTree = SDKROOT; };
		F9300D90160942DE00887EBF /* CoreGraphics.framework */ = {isa = PBXFileReference; lastKnownFileType = wrapper.framework; name = CoreGraphics.framework; path = System/Library/Frameworks/CoreGraphics.framework; sourceTree = SDKROOT; };
		F9300D94160942DE00887EBF /* TBA2-Info.plist */ = {isa = PBXFileReference; lastKnownFileType = text.plist.xml; path = "TBA2-Info.plist"; sourceTree = "<group>"; };
		F9300D96160942DE00887EBF /* en */ = {isa = PBXFileReference; lastKnownFileType = text.plist.strings; name = en; path = en.lproj/InfoPlist.strings; sourceTree = "<group>"; };
		F9300D98160942DE00887EBF /* main.m */ = {isa = PBXFileReference; lastKnownFileType = sourcecode.c.objc; path = main.m; sourceTree = "<group>"; };
		F9300D9A160942DE00887EBF /* TBA2-Prefix.pch */ = {isa = PBXFileReference; lastKnownFileType = sourcecode.c.h; path = "TBA2-Prefix.pch"; sourceTree = "<group>"; };
		F9300D9B160942DE00887EBF /* TBAAppDelegate.h */ = {isa = PBXFileReference; lastKnownFileType = sourcecode.c.h; path = TBAAppDelegate.h; sourceTree = "<group>"; };
		F9300D9C160942DE00887EBF /* TBAAppDelegate.m */ = {isa = PBXFileReference; lastKnownFileType = sourcecode.c.objc; path = TBAAppDelegate.m; sourceTree = "<group>"; };
		F9300D9F160942DE00887EBF /* en */ = {isa = PBXFileReference; lastKnownFileType = file.storyboard; name = en; path = en.lproj/MainStoryboard.storyboard; sourceTree = "<group>"; };
		F9300DA1160942DE00887EBF /* TBAFirstViewController.h */ = {isa = PBXFileReference; lastKnownFileType = sourcecode.c.h; path = TBAFirstViewController.h; sourceTree = "<group>"; };
		F9300DA2160942DE00887EBF /* TBAFirstViewController.m */ = {isa = PBXFileReference; lastKnownFileType = sourcecode.c.objc; path = TBAFirstViewController.m; sourceTree = "<group>"; };
		F9300DA8160942DE00887EBF /* TBASecondViewController.h */ = {isa = PBXFileReference; lastKnownFileType = sourcecode.c.h; path = TBASecondViewController.h; sourceTree = "<group>"; };
		F9300DA9160942DE00887EBF /* TBASecondViewController.m */ = {isa = PBXFileReference; lastKnownFileType = sourcecode.c.objc; path = TBASecondViewController.m; sourceTree = "<group>"; };
		F9A96FDA1624DA5E0021C39D /* 124-bullhorn.png */ = {isa = PBXFileReference; lastKnownFileType = image.png; name = "124-bullhorn.png"; path = "Assets/124-bullhorn.png"; sourceTree = "<group>"; };
		F9A96FDB1624DA5E0021C39D /* 124-bullhorn@2x.png */ = {isa = PBXFileReference; lastKnownFileType = image.png; name = "124-bullhorn@2x.png"; path = "Assets/124-bullhorn@2x.png"; sourceTree = "<group>"; };
		F9A96FDC1624DA5E0021C39D /* 125-food.png */ = {isa = PBXFileReference; lastKnownFileType = image.png; name = "125-food.png"; path = "Assets/125-food.png"; sourceTree = "<group>"; };
		F9A96FDD1624DA5E0021C39D /* 125-food@2x.png */ = {isa = PBXFileReference; lastKnownFileType = image.png; name = "125-food@2x.png"; path = "Assets/125-food@2x.png"; sourceTree = "<group>"; };
/* End PBXFileReference section */

/* Begin PBXFrameworksBuildPhase section */
		F9300D85160942DE00887EBF /* Frameworks */ = {
			isa = PBXFrameworksBuildPhase;
			buildActionMask = 2147483647;
			files = (
				F9300D8D160942DE00887EBF /* UIKit.framework in Frameworks */,
				F9300D8F160942DE00887EBF /* Foundation.framework in Frameworks */,
				F9300D91160942DE00887EBF /* CoreGraphics.framework in Frameworks */,
			);
			runOnlyForDeploymentPostprocessing = 0;
		};
/* End PBXFrameworksBuildPhase section */

/* Begin PBXGroup section */
		F9300D7D160942DE00887EBF = {
			isa = PBXGroup;
			children = (
				F9300D92160942DE00887EBF /* TBA2 */,
				F9300D8B160942DE00887EBF /* Frameworks */,
				F9300D89160942DE00887EBF /* Products */,
			);
			sourceTree = "<group>";
		};
		F9300D89160942DE00887EBF /* Products */ = {
			isa = PBXGroup;
			children = (
				F9300D88160942DE00887EBF /* TBA2.app */,
			);
			name = Products;
			sourceTree = "<group>";
		};
		F9300D8B160942DE00887EBF /* Frameworks */ = {
			isa = PBXGroup;
			children = (
				F9300D8C160942DE00887EBF /* UIKit.framework */,
				F9300D8E160942DE00887EBF /* Foundation.framework */,
				F9300D90160942DE00887EBF /* CoreGraphics.framework */,
			);
			name = Frameworks;
			sourceTree = "<group>";
		};
		F9300D92160942DE00887EBF /* TBA2 */ = {
			isa = PBXGroup;
			children = (
				F9A96FD11624D9B90021C39D /* Assets */,
				F9300D9B160942DE00887EBF /* TBAAppDelegate.h */,
				F9300D9C160942DE00887EBF /* TBAAppDelegate.m */,
				F9300D9E160942DE00887EBF /* MainStoryboard.storyboard */,
				F9300DA1160942DE00887EBF /* TBAFirstViewController.h */,
				F9300DA2160942DE00887EBF /* TBAFirstViewController.m */,
				F9300DA8160942DE00887EBF /* TBASecondViewController.h */,
				F9300DA9160942DE00887EBF /* TBASecondViewController.m */,
				F9300D93160942DE00887EBF /* Supporting Files */,
			);
			path = TBA2;
			sourceTree = "<group>";
		};
		F9300D93160942DE00887EBF /* Supporting Files */ = {
			isa = PBXGroup;
			children = (
				F9300D94160942DE00887EBF /* TBA2-Info.plist */,
				F9300D95160942DE00887EBF /* InfoPlist.strings */,
				F9300D98160942DE00887EBF /* main.m */,
				F9300D9A160942DE00887EBF /* TBA2-Prefix.pch */,
			);
			name = "Supporting Files";
			sourceTree = "<group>";
		};
		F9A96FD11624D9B90021C39D /* Assets */ = {
			isa = PBXGroup;
			children = (
				F925CA29160D1964000BBB1C /* Default-568h@2x.png */,
				F925CA27160D1386000BBB1C /* Screen Shot 2012-09-21 at 2.28.06 PM.png */,
				F925CA25160D134F000BBB1C /* Screen Shot 2012-09-21 at 2.25.15 PM.png */,
				F9A96FDA1624DA5E0021C39D /* 124-bullhorn.png */,
				F9A96FDB1624DA5E0021C39D /* 124-bullhorn@2x.png */,
				F9A96FDC1624DA5E0021C39D /* 125-food.png */,
				F9A96FDD1624DA5E0021C39D /* 125-food@2x.png */,
			);
			name = Assets;
			sourceTree = "<group>";
		};
/* End PBXGroup section */

/* Begin PBXNativeTarget section */
		F9300D87160942DE00887EBF /* TBA2 */ = {
			isa = PBXNativeTarget;
			buildConfigurationList = F9300DB1160942DE00887EBF /* Build configuration list for PBXNativeTarget "TBA2" */;
			buildPhases = (
				F9300D84160942DE00887EBF /* Sources */,
				F9300D85160942DE00887EBF /* Frameworks */,
				F9300D86160942DE00887EBF /* Resources */,
			);
			buildRules = (
			);
			dependencies = (
			);
			name = TBA2;
			productName = TBA2;
			productReference = F9300D88160942DE00887EBF /* TBA2.app */;
			productType = "com.apple.product-type.application";
		};
/* End PBXNativeTarget section */

/* Begin PBXProject section */
		F9300D7F160942DE00887EBF /* Project object */ = {
			isa = PBXProject;
			attributes = {
				CLASSPREFIX = TBA;
				LastUpgradeCheck = 0440;
				ORGANIZATIONNAME = "Jeff Carpenter";
			};
			buildConfigurationList = F9300D82160942DE00887EBF /* Build configuration list for PBXProject "TBA2" */;
			compatibilityVersion = "Xcode 3.2";
			developmentRegion = English;
			hasScannedForEncodings = 0;
			knownRegions = (
				en,
			);
			mainGroup = F9300D7D160942DE00887EBF;
			productRefGroup = F9300D89160942DE00887EBF /* Products */;
			projectDirPath = "";
			projectRoot = "";
			targets = (
				F9300D87160942DE00887EBF /* TBA2 */,
			);
		};
/* End PBXProject section */

/* Begin PBXResourcesBuildPhase section */
		F9300D86160942DE00887EBF /* Resources */ = {
			isa = PBXResourcesBuildPhase;
			buildActionMask = 2147483647;
			files = (
				F9300D97160942DE00887EBF /* InfoPlist.strings in Resources */,
				F9300DA0160942DE00887EBF /* MainStoryboard.storyboard in Resources */,
				F925CA26160D134F000BBB1C /* Screen Shot 2012-09-21 at 2.25.15 PM.png in Resources */,
				F925CA28160D1386000BBB1C /* Screen Shot 2012-09-21 at 2.28.06 PM.png in Resources */,
				F925CA2A160D1964000BBB1C /* Default-568h@2x.png in Resources */,
				F9A96FDE1624DA5E0021C39D /* 124-bullhorn.png in Resources */,
				F9A96FDF1624DA5E0021C39D /* 124-bullhorn@2x.png in Resources */,
				F9A96FE01624DA5E0021C39D /* 125-food.png in Resources */,
				F9A96FE11624DA5E0021C39D /* 125-food@2x.png in Resources */,
			);
			runOnlyForDeploymentPostprocessing = 0;
		};
/* End PBXResourcesBuildPhase section */

/* Begin PBXSourcesBuildPhase section */
		F9300D84160942DE00887EBF /* Sources */ = {
			isa = PBXSourcesBuildPhase;
			buildActionMask = 2147483647;
			files = (
				F9300D99160942DE00887EBF /* main.m in Sources */,
				F9300D9D160942DE00887EBF /* TBAAppDelegate.m in Sources */,
				F9300DA3160942DE00887EBF /* TBAFirstViewController.m in Sources */,
				F9300DAA160942DE00887EBF /* TBASecondViewController.m in Sources */,
			);
			runOnlyForDeploymentPostprocessing = 0;
		};
/* End PBXSourcesBuildPhase section */

/* Begin PBXVariantGroup section */
		F9300D95160942DE00887EBF /* InfoPlist.strings */ = {
			isa = PBXVariantGroup;
			children = (
				F9300D96160942DE00887EBF /* en */,
			);
			name = InfoPlist.strings;
			sourceTree = "<group>";
		};
		F9300D9E160942DE00887EBF /* MainStoryboard.storyboard */ = {
			isa = PBXVariantGroup;
			children = (
				F9300D9F160942DE00887EBF /* en */,
			);
			name = MainStoryboard.storyboard;
			sourceTree = "<group>";
		};
/* End PBXVariantGroup section */

/* Begin XCBuildConfiguration section */
		F9300DAF160942DE00887EBF /* Debug */ = {
			isa = XCBuildConfiguration;
			buildSettings = {
				ALWAYS_SEARCH_USER_PATHS = NO;
				ARCHS = "$(ARCHS_STANDARD_32_BIT)";
				CLANG_CXX_LANGUAGE_STANDARD = "gnu++0x";
				CLANG_ENABLE_OBJC_ARC = YES;
				CLANG_WARN__DUPLICATE_METHOD_MATCH = YES;
				"CODE_SIGN_IDENTITY[sdk=iphoneos*]" = "iPhone Developer";
				COPY_PHASE_STRIP = NO;
				GCC_C_LANGUAGE_STANDARD = gnu99;
				GCC_DYNAMIC_NO_PIC = NO;
				GCC_OPTIMIZATION_LEVEL = 0;
				GCC_PREPROCESSOR_DEFINITIONS = (
					"DEBUG=1",
					"$(inherited)",
				);
				GCC_SYMBOLS_PRIVATE_EXTERN = NO;
				GCC_VERSION = com.apple.compilers.llvm.clang.1_0;
				GCC_WARN_ABOUT_RETURN_TYPE = YES;
				GCC_WARN_UNINITIALIZED_AUTOS = YES;
				GCC_WARN_UNUSED_VARIABLE = YES;
				IPHONEOS_DEPLOYMENT_TARGET = 6.0;
				SDKROOT = iphoneos;
			};
			name = Debug;
		};
		F9300DB0160942DE00887EBF /* Release */ = {
			isa = XCBuildConfiguration;
			buildSettings = {
				ALWAYS_SEARCH_USER_PATHS = NO;
				ARCHS = "$(ARCHS_STANDARD_32_BIT)";
				CLANG_CXX_LANGUAGE_STANDARD = "gnu++0x";
				CLANG_ENABLE_OBJC_ARC = YES;
				CLANG_WARN__DUPLICATE_METHOD_MATCH = YES;
				"CODE_SIGN_IDENTITY[sdk=iphoneos*]" = "iPhone Developer";
				COPY_PHASE_STRIP = YES;
				GCC_C_LANGUAGE_STANDARD = gnu99;
				GCC_VERSION = com.apple.compilers.llvm.clang.1_0;
				GCC_WARN_ABOUT_RETURN_TYPE = YES;
				GCC_WARN_UNINITIALIZED_AUTOS = YES;
				GCC_WARN_UNUSED_VARIABLE = YES;
				IPHONEOS_DEPLOYMENT_TARGET = 6.0;
				OTHER_CFLAGS = "-DNS_BLOCK_ASSERTIONS=1";
				SDKROOT = iphoneos;
				VALIDATE_PRODUCT = YES;
			};
			name = Release;
		};
		F9300DB2160942DE00887EBF /* Debug */ = {
			isa = XCBuildConfiguration;
			buildSettings = {
				GCC_PRECOMPILE_PREFIX_HEADER = YES;
				GCC_PREFIX_HEADER = "TBA2/TBA2-Prefix.pch";
				INFOPLIST_FILE = "TBA2/TBA2-Info.plist";
				IPHONEOS_DEPLOYMENT_TARGET = 6.0;
				PRODUCT_NAME = "$(TARGET_NAME)";
				TARGETED_DEVICE_FAMILY = 1;
				WRAPPER_EXTENSION = app;
			};
			name = Debug;
		};
		F9300DB3160942DE00887EBF /* Release */ = {
			isa = XCBuildConfiguration;
			buildSettings = {
				GCC_PRECOMPILE_PREFIX_HEADER = YES;
				GCC_PREFIX_HEADER = "TBA2/TBA2-Prefix.pch";
				INFOPLIST_FILE = "TBA2/TBA2-Info.plist";
				IPHONEOS_DEPLOYMENT_TARGET = 6.0;
				PRODUCT_NAME = "$(TARGET_NAME)";
				TARGETED_DEVICE_FAMILY = 1;
				WRAPPER_EXTENSION = app;
			};
			name = Release;
		};
/* End XCBuildConfiguration section */

/* Begin XCConfigurationList section */
		F9300D82160942DE00887EBF /* Build configuration list for PBXProject "TBA2" */ = {
			isa = XCConfigurationList;
			buildConfigurations = (
				F9300DAF160942DE00887EBF /* Debug */,
				F9300DB0160942DE00887EBF /* Release */,
			);
			defaultConfigurationIsVisible = 0;
			defaultConfigurationName = Release;
		};
		F9300DB1160942DE00887EBF /* Build configuration list for PBXNativeTarget "TBA2" */ = {
			isa = XCConfigurationList;
			buildConfigurations = (
				F9300DB2160942DE00887EBF /* Debug */,
				F9300DB3160942DE00887EBF /* Release */,
			);
			defaultConfigurationIsVisible = 0;
			defaultConfigurationName = Release;
		};
/* End XCConfigurationList section */
	};
	rootObject = F9300D7F160942DE00887EBF /* Project object */;
}
